
Microsoft Visual Studio Solution File, Format Version 12.00
# Visual Studio Version 16
VisualStudioVersion = 16.0.31424.327
MinimumVisualStudioVersion = 10.0.40219.1
Project("{9A19103F-16F7-4668-BE54-9A1E7A4F7556}") = "P01_Library", "P01_Library\P01_Library.csproj", "{6E94ACB8-6FF2-4DB5-8BC7-26AF55EBCB76}"
EndProject
Project("{9A19103F-16F7-4668-BE54-9A1E7A4F7556}") = "P03_ComparableBook", "P03_ComparableBook\P03_ComparableBook.csproj", "{B5392DFA-D440-4806-9917-7BBA4C5DB59F}"
EndProject
Project("{FAE04EC0-301F-11D3-BF4B-00C04F79EFBC}") = "P02_LibraryIterator", "P02_LibraryIterator\P02_LibraryIterator.csproj", "{132F865C-2CB4-4477-B346-D06AB0DCB981}"
EndProject
Project("{FAE04EC0-301F-11D3-BF4B-00C04F79EFBC}") = "P04_BookComparator", "P04_BookComparator\P04_BookComparator.csproj", "{BBA78751-6E90-446D-91C1-E0E13F93FB2B}"
EndProject
Global
	GlobalSection(SolutionConfigurationPlatforms) = preSolution
		Debug|Any CPU = Debug|Any CPU
		Release|Any CPU = Release|Any CPU
	EndGlobalSection
	GlobalSection(ProjectConfigurationPlatforms) = postSolution
		{6E94ACB8-6FF2-4DB5-8BC7-26AF55EBCB76}.Debug|Any CPU.ActiveCfg = Debug|Any CPU
		{6E94ACB8-6FF2-4DB5-8BC7-26AF55EBCB76}.Debug|Any CPU.Build.0 = Debug|Any CPU
		{6E94ACB8-6FF2-4DB5-8BC7-26AF55EBCB76}.Release|Any CPU.ActiveCfg = Release|Any CPU
		{6E94ACB8-6FF2-4DB5-8BC7-26AF55EBCB76}.Release|Any CPU.Build.0 = Release|Any CPU
		{B5392DFA-D440-4806-9917-7BBA4C5DB59F}.Debug|Any CPU.ActiveCfg = Debug|Any CPU
		{B5392DFA-D440-4806-9917-7BBA4C5DB59F}.Debug|Any CPU.Build.0 = Debug|Any CPU
		{B5392DFA-D440-4806-9917-7BBA4C5DB59F}.Release|Any CPU.ActiveCfg = Release|Any CPU
		{B5392DFA-D440-4806-9917-7BBA4C5DB59F}.Release|Any CPU.Build.0 = Release|Any CPU
		{132F865C-2CB4-4477-B346-D06AB0DCB981}.Debug|Any CPU.ActiveCfg = Debug|Any CPU
		{132F865C-2CB4-4477-B346-D06AB0DCB981}.Debug|Any CPU.Build.0 = Debug|Any CPU
		{132F865C-2CB4-4477-B346-D06AB0DCB981}.Release|Any CPU.ActiveCfg = Release|Any CPU
		{132F865C-2CB4-4477-B346-D06AB0DCB981}.Release|Any CPU.Build.0 = Release|Any CPU
		{BBA78751-6E90-446D-91C1-E0E13F93FB2B}.Debug|Any CPU.ActiveCfg = Debug|Any CPU
		{BBA78751-6E90-446D-91C1-E0E13F93FB2B}.Debug|Any CPU.Build.0 = Debug|Any CPU
		{BBA78751-6E90-446D-91C1-E0E13F93FB2B}.Release|Any CPU.ActiveCfg = Release|Any CPU
		{BBA78751-6E90-446D-91C1-E0E13F93FB2B}.Release|Any CPU.Build.0 = Release|Any CPU
	EndGlobalSection
	GlobalSection(SolutionProperties) = preSolution
		HideSolutionNode = FALSE
	EndGlobalSection
	GlobalSection(ExtensibilityGlobals) = postSolution
		SolutionGuid = {8DFE9B1D-CEF5-48E8-BF9B-0D9DA71C934F}
	EndGlobalSection
EndGlobal
