
Microsoft Visual Studio Solution File, Format Version 12.00
# Visual Studio Version 16
VisualStudioVersion = 16.0.31424.327
MinimumVisualStudioVersion = 10.0.40219.1
Project("{FAE04EC0-301F-11D3-BF4B-00C04F79EFBC}") = "P01_MathOperation", "P01_MathOperation\P01_MathOperation.csproj", "{272FE704-B63D-48F0-8E76-4B5F085472EF}"
EndProject
Project("{FAE04EC0-301F-11D3-BF4B-00C04F79EFBC}") = "P02_Animals", "P02_Animals\P02_Animals.csproj", "{2356E6C3-4C6E-40FB-A933-6969146E386E}"
EndProject
Project("{FAE04EC0-301F-11D3-BF4B-00C04F79EFBC}") = "P03_Shapes", "P03_Shapes\P03_Shapes.csproj", "{D6D2812F-D1D9-49B6-A37F-0E6B2C6E4765}"
EndProject
Global
	GlobalSection(SolutionConfigurationPlatforms) = preSolution
		Debug|Any CPU = Debug|Any CPU
		Release|Any CPU = Release|Any CPU
	EndGlobalSection
	GlobalSection(ProjectConfigurationPlatforms) = postSolution
		{272FE704-B63D-48F0-8E76-4B5F085472EF}.Debug|Any CPU.ActiveCfg = Debug|Any CPU
		{272FE704-B63D-48F0-8E76-4B5F085472EF}.Debug|Any CPU.Build.0 = Debug|Any CPU
		{272FE704-B63D-48F0-8E76-4B5F085472EF}.Release|Any CPU.ActiveCfg = Release|Any CPU
		{272FE704-B63D-48F0-8E76-4B5F085472EF}.Release|Any CPU.Build.0 = Release|Any CPU
		{2356E6C3-4C6E-40FB-A933-6969146E386E}.Debug|Any CPU.ActiveCfg = Debug|Any CPU
		{2356E6C3-4C6E-40FB-A933-6969146E386E}.Debug|Any CPU.Build.0 = Debug|Any CPU
		{2356E6C3-4C6E-40FB-A933-6969146E386E}.Release|Any CPU.ActiveCfg = Release|Any CPU
		{2356E6C3-4C6E-40FB-A933-6969146E386E}.Release|Any CPU.Build.0 = Release|Any CPU
		{D6D2812F-D1D9-49B6-A37F-0E6B2C6E4765}.Debug|Any CPU.ActiveCfg = Debug|Any CPU
		{D6D2812F-D1D9-49B6-A37F-0E6B2C6E4765}.Debug|Any CPU.Build.0 = Debug|Any CPU
		{D6D2812F-D1D9-49B6-A37F-0E6B2C6E4765}.Release|Any CPU.ActiveCfg = Release|Any CPU
		{D6D2812F-D1D9-49B6-A37F-0E6B2C6E4765}.Release|Any CPU.Build.0 = Release|Any CPU
	EndGlobalSection
	GlobalSection(SolutionProperties) = preSolution
		HideSolutionNode = FALSE
	EndGlobalSection
	GlobalSection(ExtensibilityGlobals) = postSolution
		SolutionGuid = {EA385BEE-B950-4860-BDED-6EC791D189BB}
	EndGlobalSection
EndGlobal
