
Microsoft Visual Studio Solution File, Format Version 12.00
# Visual Studio Version 16
VisualStudioVersion = 16.0.31424.327
MinimumVisualStudioVersion = 10.0.40219.1
Project("{9A19103F-16F7-4668-BE54-9A1E7A4F7556}") = "P01_PasswordReset", "P01_PasswordReset\P01_PasswordReset.csproj", "{39A0871D-8A0A-4A76-918D-E631360D298A}"
EndProject
Project("{9A19103F-16F7-4668-BE54-9A1E7A4F7556}") = "P02_FancyBarcodes", "P02_FancyBarcodes\P02_FancyBarcodes.csproj", "{EEF27B12-6CC5-440C-BA95-64652436FA7F}"
EndProject
Project("{9A19103F-16F7-4668-BE54-9A1E7A4F7556}") = "P03_HeroesOfCodeAndLogic", "P03_HeroesOfCodeAndLogic\P03_HeroesOfCodeAndLogic.csproj", "{DD125F34-975D-4827-995C-A9DDBD87DD1A}"
EndProject
Project("{9A19103F-16F7-4668-BE54-9A1E7A4F7556}") = "P05_AdAstra", "P05_AdAstra\P05_AdAstra.csproj", "{66576DFA-D459-47E4-A7F2-0EE722E9A73C}"
EndProject
Project("{9A19103F-16F7-4668-BE54-9A1E7A4F7556}") = "P04_WorldTour", "P04_WorldTour\P04_WorldTour.csproj", "{ECDD1F46-0C59-41C8-A99C-4C67EF80738D}"
EndProject
Project("{9A19103F-16F7-4668-BE54-9A1E7A4F7556}") = "P06_PlantDiscovery", "P06_PlantDiscovery\P06_PlantDiscovery.csproj", "{548BF8B5-BDFC-4E77-BA36-1EDF32C8A6F1}"
EndProject
Project("{9A19103F-16F7-4668-BE54-9A1E7A4F7556}") = "P07_SecretChat", "P07_SecretChat\P07_SecretChat.csproj", "{56CA000D-CE8B-47B4-822A-F702F838603B}"
EndProject
Project("{9A19103F-16F7-4668-BE54-9A1E7A4F7556}") = "P08_MirrorWords", "P08_MirrorWords\P08_MirrorWords.csproj", "{912CF44C-1044-42FA-A237-29ABECBEFB47}"
EndProject
Project("{FAE04EC0-301F-11D3-BF4B-00C04F79EFBC}") = "P09_NeedForSpeed", "P09_NeedForSpeed\P09_NeedForSpeed.csproj", "{1E013A1A-E61F-4E2F-8B11-760CD33C7BF6}"
EndProject
Global
	GlobalSection(SolutionConfigurationPlatforms) = preSolution
		Debug|Any CPU = Debug|Any CPU
		Release|Any CPU = Release|Any CPU
	EndGlobalSection
	GlobalSection(ProjectConfigurationPlatforms) = postSolution
		{39A0871D-8A0A-4A76-918D-E631360D298A}.Debug|Any CPU.ActiveCfg = Debug|Any CPU
		{39A0871D-8A0A-4A76-918D-E631360D298A}.Debug|Any CPU.Build.0 = Debug|Any CPU
		{39A0871D-8A0A-4A76-918D-E631360D298A}.Release|Any CPU.ActiveCfg = Release|Any CPU
		{39A0871D-8A0A-4A76-918D-E631360D298A}.Release|Any CPU.Build.0 = Release|Any CPU
		{EEF27B12-6CC5-440C-BA95-64652436FA7F}.Debug|Any CPU.ActiveCfg = Debug|Any CPU
		{EEF27B12-6CC5-440C-BA95-64652436FA7F}.Debug|Any CPU.Build.0 = Debug|Any CPU
		{EEF27B12-6CC5-440C-BA95-64652436FA7F}.Release|Any CPU.ActiveCfg = Release|Any CPU
		{EEF27B12-6CC5-440C-BA95-64652436FA7F}.Release|Any CPU.Build.0 = Release|Any CPU
		{DD125F34-975D-4827-995C-A9DDBD87DD1A}.Debug|Any CPU.ActiveCfg = Debug|Any CPU
		{DD125F34-975D-4827-995C-A9DDBD87DD1A}.Debug|Any CPU.Build.0 = Debug|Any CPU
		{DD125F34-975D-4827-995C-A9DDBD87DD1A}.Release|Any CPU.ActiveCfg = Release|Any CPU
		{DD125F34-975D-4827-995C-A9DDBD87DD1A}.Release|Any CPU.Build.0 = Release|Any CPU
		{66576DFA-D459-47E4-A7F2-0EE722E9A73C}.Debug|Any CPU.ActiveCfg = Debug|Any CPU
		{66576DFA-D459-47E4-A7F2-0EE722E9A73C}.Debug|Any CPU.Build.0 = Debug|Any CPU
		{66576DFA-D459-47E4-A7F2-0EE722E9A73C}.Release|Any CPU.ActiveCfg = Release|Any CPU
		{66576DFA-D459-47E4-A7F2-0EE722E9A73C}.Release|Any CPU.Build.0 = Release|Any CPU
		{ECDD1F46-0C59-41C8-A99C-4C67EF80738D}.Debug|Any CPU.ActiveCfg = Debug|Any CPU
		{ECDD1F46-0C59-41C8-A99C-4C67EF80738D}.Debug|Any CPU.Build.0 = Debug|Any CPU
		{ECDD1F46-0C59-41C8-A99C-4C67EF80738D}.Release|Any CPU.ActiveCfg = Release|Any CPU
		{ECDD1F46-0C59-41C8-A99C-4C67EF80738D}.Release|Any CPU.Build.0 = Release|Any CPU
		{548BF8B5-BDFC-4E77-BA36-1EDF32C8A6F1}.Debug|Any CPU.ActiveCfg = Debug|Any CPU
		{548BF8B5-BDFC-4E77-BA36-1EDF32C8A6F1}.Debug|Any CPU.Build.0 = Debug|Any CPU
		{548BF8B5-BDFC-4E77-BA36-1EDF32C8A6F1}.Release|Any CPU.ActiveCfg = Release|Any CPU
		{548BF8B5-BDFC-4E77-BA36-1EDF32C8A6F1}.Release|Any CPU.Build.0 = Release|Any CPU
		{56CA000D-CE8B-47B4-822A-F702F838603B}.Debug|Any CPU.ActiveCfg = Debug|Any CPU
		{56CA000D-CE8B-47B4-822A-F702F838603B}.Debug|Any CPU.Build.0 = Debug|Any CPU
		{56CA000D-CE8B-47B4-822A-F702F838603B}.Release|Any CPU.ActiveCfg = Release|Any CPU
		{56CA000D-CE8B-47B4-822A-F702F838603B}.Release|Any CPU.Build.0 = Release|Any CPU
		{912CF44C-1044-42FA-A237-29ABECBEFB47}.Debug|Any CPU.ActiveCfg = Debug|Any CPU
		{912CF44C-1044-42FA-A237-29ABECBEFB47}.Debug|Any CPU.Build.0 = Debug|Any CPU
		{912CF44C-1044-42FA-A237-29ABECBEFB47}.Release|Any CPU.ActiveCfg = Release|Any CPU
		{912CF44C-1044-42FA-A237-29ABECBEFB47}.Release|Any CPU.Build.0 = Release|Any CPU
		{1E013A1A-E61F-4E2F-8B11-760CD33C7BF6}.Debug|Any CPU.ActiveCfg = Debug|Any CPU
		{1E013A1A-E61F-4E2F-8B11-760CD33C7BF6}.Debug|Any CPU.Build.0 = Debug|Any CPU
		{1E013A1A-E61F-4E2F-8B11-760CD33C7BF6}.Release|Any CPU.ActiveCfg = Release|Any CPU
		{1E013A1A-E61F-4E2F-8B11-760CD33C7BF6}.Release|Any CPU.Build.0 = Release|Any CPU
	EndGlobalSection
	GlobalSection(SolutionProperties) = preSolution
		HideSolutionNode = FALSE
	EndGlobalSection
	GlobalSection(ExtensibilityGlobals) = postSolution
		SolutionGuid = {7C9D0E12-A6BF-4E09-87ED-0078DAD52B44}
	EndGlobalSection
EndGlobal
