
Microsoft Visual Studio Solution File, Format Version 12.00
# Visual Studio Version 16
VisualStudioVersion = 16.0.31424.327
MinimumVisualStudioVersion = 10.0.40219.1
Project("{9A19103F-16F7-4668-BE54-9A1E7A4F7556}") = "P01_ClassBoxDate", "P01_ClassBoxDate\P01_ClassBoxDate.csproj", "{9CE7C87D-21A0-4AD7-BAF1-AD29BC1CEDE0}"
EndProject
Project("{FAE04EC0-301F-11D3-BF4B-00C04F79EFBC}") = "P02_AnimalFarm", "P02_AnimalFarm\P02_AnimalFarm.csproj", "{CBACEE64-6613-402D-B66E-8AE42A0CB775}"
EndProject
Project("{FAE04EC0-301F-11D3-BF4B-00C04F79EFBC}") = "P03_ShoppingSpree", "P03_ShoppingSpree\P03_ShoppingSpree.csproj", "{C870C48F-395D-4894-BE84-4A611D674A55}"
EndProject
Global
	GlobalSection(SolutionConfigurationPlatforms) = preSolution
		Debug|Any CPU = Debug|Any CPU
		Release|Any CPU = Release|Any CPU
	EndGlobalSection
	GlobalSection(ProjectConfigurationPlatforms) = postSolution
		{9CE7C87D-21A0-4AD7-BAF1-AD29BC1CEDE0}.Debug|Any CPU.ActiveCfg = Debug|Any CPU
		{9CE7C87D-21A0-4AD7-BAF1-AD29BC1CEDE0}.Debug|Any CPU.Build.0 = Debug|Any CPU
		{9CE7C87D-21A0-4AD7-BAF1-AD29BC1CEDE0}.Release|Any CPU.ActiveCfg = Release|Any CPU
		{9CE7C87D-21A0-4AD7-BAF1-AD29BC1CEDE0}.Release|Any CPU.Build.0 = Release|Any CPU
		{CBACEE64-6613-402D-B66E-8AE42A0CB775}.Debug|Any CPU.ActiveCfg = Debug|Any CPU
		{CBACEE64-6613-402D-B66E-8AE42A0CB775}.Debug|Any CPU.Build.0 = Debug|Any CPU
		{CBACEE64-6613-402D-B66E-8AE42A0CB775}.Release|Any CPU.ActiveCfg = Release|Any CPU
		{CBACEE64-6613-402D-B66E-8AE42A0CB775}.Release|Any CPU.Build.0 = Release|Any CPU
		{C870C48F-395D-4894-BE84-4A611D674A55}.Debug|Any CPU.ActiveCfg = Debug|Any CPU
		{C870C48F-395D-4894-BE84-4A611D674A55}.Debug|Any CPU.Build.0 = Debug|Any CPU
		{C870C48F-395D-4894-BE84-4A611D674A55}.Release|Any CPU.ActiveCfg = Release|Any CPU
		{C870C48F-395D-4894-BE84-4A611D674A55}.Release|Any CPU.Build.0 = Release|Any CPU
	EndGlobalSection
	GlobalSection(SolutionProperties) = preSolution
		HideSolutionNode = FALSE
	EndGlobalSection
	GlobalSection(ExtensibilityGlobals) = postSolution
		SolutionGuid = {E4E6E3D7-22F2-465E-84D1-7C4D5E3DB4DE}
	EndGlobalSection
EndGlobal
