
Microsoft Visual Studio Solution File, Format Version 12.00
# Visual Studio Version 16
VisualStudioVersion = 16.0.31005.135
MinimumVisualStudioVersion = 10.0.40219.1
Project("{9A19103F-16F7-4668-BE54-9A1E7A4F7556}") = "P01_Ages", "P01_Ages\P01_Ages.csproj", "{285A069E-0940-4851-B9BC-664F2E2B1D10}"
EndProject
Project("{9A19103F-16F7-4668-BE54-9A1E7A4F7556}") = "P02_Divison", "P02_Divison\P02_Divison.csproj", "{AEBEEB7B-7790-42E1-BA58-79CEF005C27B}"
EndProject
Project("{9A19103F-16F7-4668-BE54-9A1E7A4F7556}") = "P03_Vacation", "P03_Vacation\P03_Vacation.csproj", "{3FEECA29-9F4C-4E51-ABE7-B7D2E97C7949}"
EndProject
Project("{9A19103F-16F7-4668-BE54-9A1E7A4F7556}") = "P04_PrintAndSum", "P04_PrintAndSum\P04_PrintAndSum.csproj", "{EE8459AA-F47E-4C8B-97D1-73805AA163B4}"
EndProject
Project("{9A19103F-16F7-4668-BE54-9A1E7A4F7556}") = "P05_Login", "P05_Login\P05_Login.csproj", "{CE368A8F-5625-46F0-BEA7-0E8C4EECB3B7}"
EndProject
Project("{9A19103F-16F7-4668-BE54-9A1E7A4F7556}") = "P06_StrongNumber", "P06_StrongNumber\P06_StrongNumber.csproj", "{4CBC9EA5-DB89-45DF-975A-B2076960E5BB}"
EndProject
Project("{9A19103F-16F7-4668-BE54-9A1E7A4F7556}") = "P07_VendingMachine", "P07_VendingMachine\P07_VendingMachine.csproj", "{46BCEDDC-2B6D-4E37-A596-726D6E5C4794}"
EndProject
Project("{9A19103F-16F7-4668-BE54-9A1E7A4F7556}") = "P08_TriangleOfNumbers", "P08_TriangleOfNumbers\P08_TriangleOfNumbers.csproj", "{8DB7869D-9C7E-468E-8967-4E748FD0085B}"
EndProject
Global
	GlobalSection(SolutionConfigurationPlatforms) = preSolution
		Debug|Any CPU = Debug|Any CPU
		Release|Any CPU = Release|Any CPU
	EndGlobalSection
	GlobalSection(ProjectConfigurationPlatforms) = postSolution
		{285A069E-0940-4851-B9BC-664F2E2B1D10}.Debug|Any CPU.ActiveCfg = Debug|Any CPU
		{285A069E-0940-4851-B9BC-664F2E2B1D10}.Debug|Any CPU.Build.0 = Debug|Any CPU
		{285A069E-0940-4851-B9BC-664F2E2B1D10}.Release|Any CPU.ActiveCfg = Release|Any CPU
		{285A069E-0940-4851-B9BC-664F2E2B1D10}.Release|Any CPU.Build.0 = Release|Any CPU
		{AEBEEB7B-7790-42E1-BA58-79CEF005C27B}.Debug|Any CPU.ActiveCfg = Debug|Any CPU
		{AEBEEB7B-7790-42E1-BA58-79CEF005C27B}.Debug|Any CPU.Build.0 = Debug|Any CPU
		{AEBEEB7B-7790-42E1-BA58-79CEF005C27B}.Release|Any CPU.ActiveCfg = Release|Any CPU
		{AEBEEB7B-7790-42E1-BA58-79CEF005C27B}.Release|Any CPU.Build.0 = Release|Any CPU
		{3FEECA29-9F4C-4E51-ABE7-B7D2E97C7949}.Debug|Any CPU.ActiveCfg = Debug|Any CPU
		{3FEECA29-9F4C-4E51-ABE7-B7D2E97C7949}.Debug|Any CPU.Build.0 = Debug|Any CPU
		{3FEECA29-9F4C-4E51-ABE7-B7D2E97C7949}.Release|Any CPU.ActiveCfg = Release|Any CPU
		{3FEECA29-9F4C-4E51-ABE7-B7D2E97C7949}.Release|Any CPU.Build.0 = Release|Any CPU
		{EE8459AA-F47E-4C8B-97D1-73805AA163B4}.Debug|Any CPU.ActiveCfg = Debug|Any CPU
		{EE8459AA-F47E-4C8B-97D1-73805AA163B4}.Debug|Any CPU.Build.0 = Debug|Any CPU
		{EE8459AA-F47E-4C8B-97D1-73805AA163B4}.Release|Any CPU.ActiveCfg = Release|Any CPU
		{EE8459AA-F47E-4C8B-97D1-73805AA163B4}.Release|Any CPU.Build.0 = Release|Any CPU
		{CE368A8F-5625-46F0-BEA7-0E8C4EECB3B7}.Debug|Any CPU.ActiveCfg = Debug|Any CPU
		{CE368A8F-5625-46F0-BEA7-0E8C4EECB3B7}.Debug|Any CPU.Build.0 = Debug|Any CPU
		{CE368A8F-5625-46F0-BEA7-0E8C4EECB3B7}.Release|Any CPU.ActiveCfg = Release|Any CPU
		{CE368A8F-5625-46F0-BEA7-0E8C4EECB3B7}.Release|Any CPU.Build.0 = Release|Any CPU
		{4CBC9EA5-DB89-45DF-975A-B2076960E5BB}.Debug|Any CPU.ActiveCfg = Debug|Any CPU
		{4CBC9EA5-DB89-45DF-975A-B2076960E5BB}.Debug|Any CPU.Build.0 = Debug|Any CPU
		{4CBC9EA5-DB89-45DF-975A-B2076960E5BB}.Release|Any CPU.ActiveCfg = Release|Any CPU
		{4CBC9EA5-DB89-45DF-975A-B2076960E5BB}.Release|Any CPU.Build.0 = Release|Any CPU
		{46BCEDDC-2B6D-4E37-A596-726D6E5C4794}.Debug|Any CPU.ActiveCfg = Debug|Any CPU
		{46BCEDDC-2B6D-4E37-A596-726D6E5C4794}.Debug|Any CPU.Build.0 = Debug|Any CPU
		{46BCEDDC-2B6D-4E37-A596-726D6E5C4794}.Release|Any CPU.ActiveCfg = Release|Any CPU
		{46BCEDDC-2B6D-4E37-A596-726D6E5C4794}.Release|Any CPU.Build.0 = Release|Any CPU
		{8DB7869D-9C7E-468E-8967-4E748FD0085B}.Debug|Any CPU.ActiveCfg = Debug|Any CPU
		{8DB7869D-9C7E-468E-8967-4E748FD0085B}.Debug|Any CPU.Build.0 = Debug|Any CPU
		{8DB7869D-9C7E-468E-8967-4E748FD0085B}.Release|Any CPU.ActiveCfg = Release|Any CPU
		{8DB7869D-9C7E-468E-8967-4E748FD0085B}.Release|Any CPU.Build.0 = Release|Any CPU
	EndGlobalSection
	GlobalSection(SolutionProperties) = preSolution
		HideSolutionNode = FALSE
	EndGlobalSection
	GlobalSection(ExtensibilityGlobals) = postSolution
		SolutionGuid = {D84B487D-9255-49F8-B09A-85554A204334}
	EndGlobalSection
EndGlobal
