
Microsoft Visual Studio Solution File, Format Version 12.00
# Visual Studio Version 16
VisualStudioVersion = 16.0.31424.327
MinimumVisualStudioVersion = 10.0.40219.1
Project("{9A19103F-16F7-4668-BE54-9A1E7A4F7556}") = "P01_PermWithoutReperations", "P01_PermWithoutReperations\P01_PermWithoutReperations.csproj", "{32191C37-DAC4-4D16-915A-7BF959310D9A}"
EndProject
Project("{9A19103F-16F7-4668-BE54-9A1E7A4F7556}") = "P02_PermWithRepetation", "P02_PermWithRepetation\P02_PermWithRepetation.csproj", "{288BEA7B-74DC-4798-AF9D-0EA8DA4DA151}"
EndProject
Project("{9A19103F-16F7-4668-BE54-9A1E7A4F7556}") = "P03_VariationsWithoutRepetition", "P03_VariationsWithoutRepetition\P03_VariationsWithoutRepetition.csproj", "{930CF7E2-2666-40C0-82E7-3C8EC7ADDA64}"
EndProject
Project("{9A19103F-16F7-4668-BE54-9A1E7A4F7556}") = "P04_VariationsWithRepetiotion", "P04_VariationsWithRepetiotion\P04_VariationsWithRepetiotion.csproj", "{F064C94A-9274-442B-B37F-68B7DEBE1BBC}"
EndProject
Project("{FAE04EC0-301F-11D3-BF4B-00C04F79EFBC}") = "P05_CobinationsWithoutRepetition", "P05_CobinationsWithoutRepetition\P05_CobinationsWithoutRepetition.csproj", "{0C78821F-D3C3-4434-B49C-CA9D1A57EA58}"
EndProject
Project("{FAE04EC0-301F-11D3-BF4B-00C04F79EFBC}") = "P06_CobinationsWithRepetition", "P06_CobinationsWithRepetition\P06_CobinationsWithRepetition.csproj", "{D4E01F45-E503-4907-8DA3-79781A6C40A3}"
EndProject
Project("{FAE04EC0-301F-11D3-BF4B-00C04F79EFBC}") = "P07_NChooseKCount", "P07_NChooseKCount\P07_NChooseKCount.csproj", "{E0A5CDCA-F5D8-48B7-8A1F-B86ED735090C}"
EndProject
Global
	GlobalSection(SolutionConfigurationPlatforms) = preSolution
		Debug|Any CPU = Debug|Any CPU
		Release|Any CPU = Release|Any CPU
	EndGlobalSection
	GlobalSection(ProjectConfigurationPlatforms) = postSolution
		{32191C37-DAC4-4D16-915A-7BF959310D9A}.Debug|Any CPU.ActiveCfg = Debug|Any CPU
		{32191C37-DAC4-4D16-915A-7BF959310D9A}.Debug|Any CPU.Build.0 = Debug|Any CPU
		{32191C37-DAC4-4D16-915A-7BF959310D9A}.Release|Any CPU.ActiveCfg = Release|Any CPU
		{32191C37-DAC4-4D16-915A-7BF959310D9A}.Release|Any CPU.Build.0 = Release|Any CPU
		{288BEA7B-74DC-4798-AF9D-0EA8DA4DA151}.Debug|Any CPU.ActiveCfg = Debug|Any CPU
		{288BEA7B-74DC-4798-AF9D-0EA8DA4DA151}.Debug|Any CPU.Build.0 = Debug|Any CPU
		{288BEA7B-74DC-4798-AF9D-0EA8DA4DA151}.Release|Any CPU.ActiveCfg = Release|Any CPU
		{288BEA7B-74DC-4798-AF9D-0EA8DA4DA151}.Release|Any CPU.Build.0 = Release|Any CPU
		{930CF7E2-2666-40C0-82E7-3C8EC7ADDA64}.Debug|Any CPU.ActiveCfg = Debug|Any CPU
		{930CF7E2-2666-40C0-82E7-3C8EC7ADDA64}.Debug|Any CPU.Build.0 = Debug|Any CPU
		{930CF7E2-2666-40C0-82E7-3C8EC7ADDA64}.Release|Any CPU.ActiveCfg = Release|Any CPU
		{930CF7E2-2666-40C0-82E7-3C8EC7ADDA64}.Release|Any CPU.Build.0 = Release|Any CPU
		{F064C94A-9274-442B-B37F-68B7DEBE1BBC}.Debug|Any CPU.ActiveCfg = Debug|Any CPU
		{F064C94A-9274-442B-B37F-68B7DEBE1BBC}.Debug|Any CPU.Build.0 = Debug|Any CPU
		{F064C94A-9274-442B-B37F-68B7DEBE1BBC}.Release|Any CPU.ActiveCfg = Release|Any CPU
		{F064C94A-9274-442B-B37F-68B7DEBE1BBC}.Release|Any CPU.Build.0 = Release|Any CPU
		{0C78821F-D3C3-4434-B49C-CA9D1A57EA58}.Debug|Any CPU.ActiveCfg = Debug|Any CPU
		{0C78821F-D3C3-4434-B49C-CA9D1A57EA58}.Debug|Any CPU.Build.0 = Debug|Any CPU
		{0C78821F-D3C3-4434-B49C-CA9D1A57EA58}.Release|Any CPU.ActiveCfg = Release|Any CPU
		{0C78821F-D3C3-4434-B49C-CA9D1A57EA58}.Release|Any CPU.Build.0 = Release|Any CPU
		{D4E01F45-E503-4907-8DA3-79781A6C40A3}.Debug|Any CPU.ActiveCfg = Debug|Any CPU
		{D4E01F45-E503-4907-8DA3-79781A6C40A3}.Debug|Any CPU.Build.0 = Debug|Any CPU
		{D4E01F45-E503-4907-8DA3-79781A6C40A3}.Release|Any CPU.ActiveCfg = Release|Any CPU
		{D4E01F45-E503-4907-8DA3-79781A6C40A3}.Release|Any CPU.Build.0 = Release|Any CPU
		{E0A5CDCA-F5D8-48B7-8A1F-B86ED735090C}.Debug|Any CPU.ActiveCfg = Debug|Any CPU
		{E0A5CDCA-F5D8-48B7-8A1F-B86ED735090C}.Debug|Any CPU.Build.0 = Debug|Any CPU
		{E0A5CDCA-F5D8-48B7-8A1F-B86ED735090C}.Release|Any CPU.ActiveCfg = Release|Any CPU
		{E0A5CDCA-F5D8-48B7-8A1F-B86ED735090C}.Release|Any CPU.Build.0 = Release|Any CPU
	EndGlobalSection
	GlobalSection(SolutionProperties) = preSolution
		HideSolutionNode = FALSE
	EndGlobalSection
	GlobalSection(ExtensibilityGlobals) = postSolution
		SolutionGuid = {2896729A-2A07-4BC7-B49F-24885E8B68E2}
	EndGlobalSection
EndGlobal
