
Microsoft Visual Studio Solution File, Format Version 12.00
# Visual Studio Version 17
VisualStudioVersion = 17.1.32421.90
MinimumVisualStudioVersion = 10.0.40219.1
Project("{FAE04EC0-301F-11D3-BF4B-00C04F79EFBC}") = "P01_Chronometer", "P01_Chronometer\P01_Chronometer.csproj", "{5B97A8E8-390C-44D3-8BB2-18BAFE35BC7F}"
EndProject
Global
	GlobalSection(SolutionConfigurationPlatforms) = preSolution
		Debug|Any CPU = Debug|Any CPU
		Release|Any CPU = Release|Any CPU
	EndGlobalSection
	GlobalSection(ProjectConfigurationPlatforms) = postSolution
		{5B97A8E8-390C-44D3-8BB2-18BAFE35BC7F}.Debug|Any CPU.ActiveCfg = Debug|Any CPU
		{5B97A8E8-390C-44D3-8BB2-18BAFE35BC7F}.Debug|Any CPU.Build.0 = Debug|Any CPU
		{5B97A8E8-390C-44D3-8BB2-18BAFE35BC7F}.Release|Any CPU.ActiveCfg = Release|Any CPU
		{5B97A8E8-390C-44D3-8BB2-18BAFE35BC7F}.Release|Any CPU.Build.0 = Release|Any CPU
	EndGlobalSection
	GlobalSection(SolutionProperties) = preSolution
		HideSolutionNode = FALSE
	EndGlobalSection
	GlobalSection(ExtensibilityGlobals) = postSolution
		SolutionGuid = {EEC88FED-9911-4566-AF7A-6D70ACC06AC6}
	EndGlobalSection
EndGlobal
