
Microsoft Visual Studio Solution File, Format Version 12.00
# Visual Studio Version 16
VisualStudioVersion = 16.0.31005.135
MinimumVisualStudioVersion = 10.0.40219.1
Project("{9A19103F-16F7-4668-BE54-9A1E7A4F7556}") = "P01_BonusScoringSystem", "P01_BonusScoringSystem\P01_BonusScoringSystem.csproj", "{F4FBDB70-D9B7-40B0-ABF1-4401656551B7}"
EndProject
Project("{9A19103F-16F7-4668-BE54-9A1E7A4F7556}") = "P02_MuOnline", "P02_MuOnline\P02_MuOnline.csproj", "{D1697CF5-196E-4BD3-8CCC-910E1A89A748}"
EndProject
Project("{FAE04EC0-301F-11D3-BF4B-00C04F79EFBC}") = "P03_Inventory", "P03_Inventory\P03_Inventory.csproj", "{9856B775-ACAC-4C73-A409-60358BD26613}"
EndProject
Global
	GlobalSection(SolutionConfigurationPlatforms) = preSolution
		Debug|Any CPU = Debug|Any CPU
		Release|Any CPU = Release|Any CPU
	EndGlobalSection
	GlobalSection(ProjectConfigurationPlatforms) = postSolution
		{F4FBDB70-D9B7-40B0-ABF1-4401656551B7}.Debug|Any CPU.ActiveCfg = Debug|Any CPU
		{F4FBDB70-D9B7-40B0-ABF1-4401656551B7}.Debug|Any CPU.Build.0 = Debug|Any CPU
		{F4FBDB70-D9B7-40B0-ABF1-4401656551B7}.Release|Any CPU.ActiveCfg = Release|Any CPU
		{F4FBDB70-D9B7-40B0-ABF1-4401656551B7}.Release|Any CPU.Build.0 = Release|Any CPU
		{D1697CF5-196E-4BD3-8CCC-910E1A89A748}.Debug|Any CPU.ActiveCfg = Debug|Any CPU
		{D1697CF5-196E-4BD3-8CCC-910E1A89A748}.Debug|Any CPU.Build.0 = Debug|Any CPU
		{D1697CF5-196E-4BD3-8CCC-910E1A89A748}.Release|Any CPU.ActiveCfg = Release|Any CPU
		{D1697CF5-196E-4BD3-8CCC-910E1A89A748}.Release|Any CPU.Build.0 = Release|Any CPU
		{9856B775-ACAC-4C73-A409-60358BD26613}.Debug|Any CPU.ActiveCfg = Debug|Any CPU
		{9856B775-ACAC-4C73-A409-60358BD26613}.Debug|Any CPU.Build.0 = Debug|Any CPU
		{9856B775-ACAC-4C73-A409-60358BD26613}.Release|Any CPU.ActiveCfg = Release|Any CPU
		{9856B775-ACAC-4C73-A409-60358BD26613}.Release|Any CPU.Build.0 = Release|Any CPU
	EndGlobalSection
	GlobalSection(SolutionProperties) = preSolution
		HideSolutionNode = FALSE
	EndGlobalSection
	GlobalSection(ExtensibilityGlobals) = postSolution
		SolutionGuid = {6B259184-1778-4895-81C3-739015741CBA}
	EndGlobalSection
EndGlobal
