
Microsoft Visual Studio Solution File, Format Version 12.00
# Visual Studio Version 17
VisualStudioVersion = 17.1.32421.90
MinimumVisualStudioVersion = 10.0.40219.1
Project("{FAE04EC0-301F-11D3-BF4B-00C04F79EFBC}") = "P01_SoftUni", "P01_SoftUni\P01_SoftUni.csproj", "{FE685530-5943-49DD-B985-6A9ED343D1A5}"
EndProject
Global
	GlobalSection(SolutionConfigurationPlatforms) = preSolution
		Debug|Any CPU = Debug|Any CPU
		Release|Any CPU = Release|Any CPU
	EndGlobalSection
	GlobalSection(ProjectConfigurationPlatforms) = postSolution
		{FE685530-5943-49DD-B985-6A9ED343D1A5}.Debug|Any CPU.ActiveCfg = Debug|Any CPU
		{FE685530-5943-49DD-B985-6A9ED343D1A5}.Debug|Any CPU.Build.0 = Debug|Any CPU
		{FE685530-5943-49DD-B985-6A9ED343D1A5}.Release|Any CPU.ActiveCfg = Release|Any CPU
		{FE685530-5943-49DD-B985-6A9ED343D1A5}.Release|Any CPU.Build.0 = Release|Any CPU
	EndGlobalSection
	GlobalSection(SolutionProperties) = preSolution
		HideSolutionNode = FALSE
	EndGlobalSection
	GlobalSection(ExtensibilityGlobals) = postSolution
		SolutionGuid = {D0BF6E32-A227-4B67-AEAF-893AD4748DC1}
	EndGlobalSection
EndGlobal
