
Microsoft Visual Studio Solution File, Format Version 12.00
# Visual Studio Version 16
VisualStudioVersion = 16.0.31424.327
MinimumVisualStudioVersion = 10.0.40219.1
Project("{9A19103F-16F7-4668-BE54-9A1E7A4F7556}") = "P01_DoublyLinkedList", "01_DoublyLinkedList\P01_DoublyLinkedList.csproj", "{A8175C86-47CB-479E-A380-90D7C1D573D9}"
EndProject
Project("{9A19103F-16F7-4668-BE54-9A1E7A4F7556}") = "P03_BalancedParenthesesSolve", "03_BalancedParenthesesSolve\P03_BalancedParenthesesSolve.csproj", "{4EFA9105-0919-4F3E-8244-7D9AE85946AA}"
EndProject
Global
	GlobalSection(SolutionConfigurationPlatforms) = preSolution
		Debug|Any CPU = Debug|Any CPU
		Release|Any CPU = Release|Any CPU
	EndGlobalSection
	GlobalSection(ProjectConfigurationPlatforms) = postSolution
		{A8175C86-47CB-479E-A380-90D7C1D573D9}.Debug|Any CPU.ActiveCfg = Debug|Any CPU
		{A8175C86-47CB-479E-A380-90D7C1D573D9}.Debug|Any CPU.Build.0 = Debug|Any CPU
		{A8175C86-47CB-479E-A380-90D7C1D573D9}.Release|Any CPU.ActiveCfg = Release|Any CPU
		{A8175C86-47CB-479E-A380-90D7C1D573D9}.Release|Any CPU.Build.0 = Release|Any CPU
		{4EFA9105-0919-4F3E-8244-7D9AE85946AA}.Debug|Any CPU.ActiveCfg = Debug|Any CPU
		{4EFA9105-0919-4F3E-8244-7D9AE85946AA}.Debug|Any CPU.Build.0 = Debug|Any CPU
		{4EFA9105-0919-4F3E-8244-7D9AE85946AA}.Release|Any CPU.ActiveCfg = Release|Any CPU
		{4EFA9105-0919-4F3E-8244-7D9AE85946AA}.Release|Any CPU.Build.0 = Release|Any CPU
	EndGlobalSection
	GlobalSection(SolutionProperties) = preSolution
		HideSolutionNode = FALSE
	EndGlobalSection
	GlobalSection(ExtensibilityGlobals) = postSolution
		SolutionGuid = {CB8FB584-E304-4D6F-92FB-9EF2E59A62B9}
	EndGlobalSection
EndGlobal
