
Microsoft Visual Studio Solution File, Format Version 12.00
# Visual Studio Version 16
VisualStudioVersion = 16.0.31424.327
MinimumVisualStudioVersion = 10.0.40219.1
Project("{FAE04EC0-301F-11D3-BF4B-00C04F79EFBC}") = "SoftUni", "SoftUni\SoftUni.csproj", "{61BA2B14-3C57-407D-A883-5D9A93D5BFB4}"
EndProject
Global
	GlobalSection(SolutionConfigurationPlatforms) = preSolution
		Debug|Any CPU = Debug|Any CPU
		Release|Any CPU = Release|Any CPU
	EndGlobalSection
	GlobalSection(ProjectConfigurationPlatforms) = postSolution
		{61BA2B14-3C57-407D-A883-5D9A93D5BFB4}.Debug|Any CPU.ActiveCfg = Debug|Any CPU
		{61BA2B14-3C57-407D-A883-5D9A93D5BFB4}.Debug|Any CPU.Build.0 = Debug|Any CPU
		{61BA2B14-3C57-407D-A883-5D9A93D5BFB4}.Release|Any CPU.ActiveCfg = Release|Any CPU
		{61BA2B14-3C57-407D-A883-5D9A93D5BFB4}.Release|Any CPU.Build.0 = Release|Any CPU
	EndGlobalSection
	GlobalSection(SolutionProperties) = preSolution
		HideSolutionNode = FALSE
	EndGlobalSection
	GlobalSection(ExtensibilityGlobals) = postSolution
		SolutionGuid = {09C267CD-8022-47B1-B9A1-C06780E9E9A8}
	EndGlobalSection
EndGlobal
