
Microsoft Visual Studio Solution File, Format Version 12.00
# Visual Studio Version 16
VisualStudioVersion = 16.0.31424.327
MinimumVisualStudioVersion = 10.0.40219.1
Project("{FAE04EC0-301F-11D3-BF4B-00C04F79EFBC}") = "P01_MatchFullName", "P01_MatchFullName\P01_MatchFullName.csproj", "{C3A372C0-7620-4594-8FE4-019761727A94}"
EndProject
Project("{FAE04EC0-301F-11D3-BF4B-00C04F79EFBC}") = "P02_MatchPhoneNumber", "P02_MatchPhoneNumber\P02_MatchPhoneNumber.csproj", "{5A92E906-2A52-4945-81CD-2A4D4470DEA5}"
EndProject
Project("{FAE04EC0-301F-11D3-BF4B-00C04F79EFBC}") = "P03_MatchDates", "P03_MatchDates\P03_MatchDates.csproj", "{5A69E3B5-1043-48D5-B348-8C30C4BC5005}"
EndProject
Global
	GlobalSection(SolutionConfigurationPlatforms) = preSolution
		Debug|Any CPU = Debug|Any CPU
		Release|Any CPU = Release|Any CPU
	EndGlobalSection
	GlobalSection(ProjectConfigurationPlatforms) = postSolution
		{C3A372C0-7620-4594-8FE4-019761727A94}.Debug|Any CPU.ActiveCfg = Debug|Any CPU
		{C3A372C0-7620-4594-8FE4-019761727A94}.Debug|Any CPU.Build.0 = Debug|Any CPU
		{C3A372C0-7620-4594-8FE4-019761727A94}.Release|Any CPU.ActiveCfg = Release|Any CPU
		{C3A372C0-7620-4594-8FE4-019761727A94}.Release|Any CPU.Build.0 = Release|Any CPU
		{5A92E906-2A52-4945-81CD-2A4D4470DEA5}.Debug|Any CPU.ActiveCfg = Debug|Any CPU
		{5A92E906-2A52-4945-81CD-2A4D4470DEA5}.Debug|Any CPU.Build.0 = Debug|Any CPU
		{5A92E906-2A52-4945-81CD-2A4D4470DEA5}.Release|Any CPU.ActiveCfg = Release|Any CPU
		{5A92E906-2A52-4945-81CD-2A4D4470DEA5}.Release|Any CPU.Build.0 = Release|Any CPU
		{5A69E3B5-1043-48D5-B348-8C30C4BC5005}.Debug|Any CPU.ActiveCfg = Debug|Any CPU
		{5A69E3B5-1043-48D5-B348-8C30C4BC5005}.Debug|Any CPU.Build.0 = Debug|Any CPU
		{5A69E3B5-1043-48D5-B348-8C30C4BC5005}.Release|Any CPU.ActiveCfg = Release|Any CPU
		{5A69E3B5-1043-48D5-B348-8C30C4BC5005}.Release|Any CPU.Build.0 = Release|Any CPU
	EndGlobalSection
	GlobalSection(SolutionProperties) = preSolution
		HideSolutionNode = FALSE
	EndGlobalSection
	GlobalSection(ExtensibilityGlobals) = postSolution
		SolutionGuid = {E663BCB3-34BE-4AA2-993D-6E28574CA814}
	EndGlobalSection
EndGlobal
