
Microsoft Visual Studio Solution File, Format Version 12.00
# Visual Studio Version 16
VisualStudioVersion = 16.0.31424.327
MinimumVisualStudioVersion = 10.0.40219.1
Project("{9A19103F-16F7-4668-BE54-9A1E7A4F7556}") = "P01_ImplementationList", "P01_ImplementationList\P01_ImplementationList.csproj", "{54F1DFE3-1260-4552-9ECE-DC30BB27E8A3}"
EndProject
Project("{FAE04EC0-301F-11D3-BF4B-00C04F79EFBC}") = "P02_ImplemantationStack", "P02_ImplemantationStack\P02_ImplemantationStack.csproj", "{A83DDF1C-6744-437C-A0EB-FD1C7F6AA76D}"
EndProject
Global
	GlobalSection(SolutionConfigurationPlatforms) = preSolution
		Debug|Any CPU = Debug|Any CPU
		Release|Any CPU = Release|Any CPU
	EndGlobalSection
	GlobalSection(ProjectConfigurationPlatforms) = postSolution
		{54F1DFE3-1260-4552-9ECE-DC30BB27E8A3}.Debug|Any CPU.ActiveCfg = Debug|Any CPU
		{54F1DFE3-1260-4552-9ECE-DC30BB27E8A3}.Debug|Any CPU.Build.0 = Debug|Any CPU
		{54F1DFE3-1260-4552-9ECE-DC30BB27E8A3}.Release|Any CPU.ActiveCfg = Release|Any CPU
		{54F1DFE3-1260-4552-9ECE-DC30BB27E8A3}.Release|Any CPU.Build.0 = Release|Any CPU
		{A83DDF1C-6744-437C-A0EB-FD1C7F6AA76D}.Debug|Any CPU.ActiveCfg = Debug|Any CPU
		{A83DDF1C-6744-437C-A0EB-FD1C7F6AA76D}.Debug|Any CPU.Build.0 = Debug|Any CPU
		{A83DDF1C-6744-437C-A0EB-FD1C7F6AA76D}.Release|Any CPU.ActiveCfg = Release|Any CPU
		{A83DDF1C-6744-437C-A0EB-FD1C7F6AA76D}.Release|Any CPU.Build.0 = Release|Any CPU
	EndGlobalSection
	GlobalSection(SolutionProperties) = preSolution
		HideSolutionNode = FALSE
	EndGlobalSection
	GlobalSection(ExtensibilityGlobals) = postSolution
		SolutionGuid = {F349E05D-4131-4B09-8930-1880887F8AFB}
	EndGlobalSection
EndGlobal
