
Microsoft Visual Studio Solution File, Format Version 12.00
# Visual Studio Version 16
VisualStudioVersion = 16.0.31424.327
MinimumVisualStudioVersion = 10.0.40219.1
Project("{FAE04EC0-301F-11D3-BF4B-00C04F79EFBC}") = "P01_PossibleStrings", "P01_PossibleStrings\P01_PossibleStrings.csproj", "{6353B665-3281-452B-BC23-5025C143AF2E}"
EndProject
Global
	GlobalSection(SolutionConfigurationPlatforms) = preSolution
		Debug|Any CPU = Debug|Any CPU
		Release|Any CPU = Release|Any CPU
	EndGlobalSection
	GlobalSection(ProjectConfigurationPlatforms) = postSolution
		{6353B665-3281-452B-BC23-5025C143AF2E}.Debug|Any CPU.ActiveCfg = Debug|Any CPU
		{6353B665-3281-452B-BC23-5025C143AF2E}.Debug|Any CPU.Build.0 = Debug|Any CPU
		{6353B665-3281-452B-BC23-5025C143AF2E}.Release|Any CPU.ActiveCfg = Release|Any CPU
		{6353B665-3281-452B-BC23-5025C143AF2E}.Release|Any CPU.Build.0 = Release|Any CPU
	EndGlobalSection
	GlobalSection(SolutionProperties) = preSolution
		HideSolutionNode = FALSE
	EndGlobalSection
	GlobalSection(ExtensibilityGlobals) = postSolution
		SolutionGuid = {E47256BA-8DE1-498D-84EA-7481593EA027}
	EndGlobalSection
EndGlobal
